
Microsoft Visual Studio Solution File, Format Version 12.00
# Visual Studio Version 17
VisualStudioVersion = 17.9.34728.123
MinimumVisualStudioVersion = 10.0.40219.1
Project("{FAE04EC0-301F-11D3-BF4B-00C04F79EFBC}") = "GoogleFit.UWP", "GoogleFit\GoogleFit.UWP\GoogleFit.UWP.csproj", "{B5C7F6BC-5CA5-42B9-BBC1-08FF390A0A39}"
EndProject
Project("{FAE04EC0-301F-11D3-BF4B-00C04F79EFBC}") = "GoogleFit.Android", "GoogleFit\GoogleFit.Android\GoogleFit.Android.csproj", "{2CAD8503-3642-4025-8100-4981691D3381}"
EndProject
Project("{FAE04EC0-301F-11D3-BF4B-00C04F79EFBC}") = "GoogleFit.iOS", "GoogleFit\GoogleFit.iOS\GoogleFit.iOS.csproj", "{508B0E72-8682-4685-AD15-04328538F53F}"
EndProject
Project("{9A19103F-16F7-4668-BE54-9A1E7A4F7556}") = "GoogleFit", "GoogleFit\GoogleFit\GoogleFit.csproj", "{662B7E9B-9BE3-4583-B70C-D9B732991F94}"
EndProject
Project("{FAE04EC0-301F-11D3-BF4B-00C04F79EFBC}") = "GoogleHealthConnect", "..\GoogleHealthConnect\GoogleHealthConnect\GoogleHealthConnect.csproj", "{3D0790C3-1832-4118-A5D6-4C25DFAFC4CF}"
EndProject
Project("{FAE04EC0-301F-11D3-BF4B-00C04F79EFBC}") = "LibraryAndroid", "LibraryAndroid\LibraryAndroid.csproj", "{1DF3970C-152E-4E1E-A468-16DEDDEF1DBA}"
EndProject
Project("{FAE04EC0-301F-11D3-BF4B-00C04F79EFBC}") = "GoogleFit.Iphone", "GoogleFit.Iphone\GoogleFit.Iphone.csproj", "{A1B1A1F9-ACC0-4B9F-810C-F1F778AFF092}"
EndProject
Global
	GlobalSection(SolutionConfigurationPlatforms) = preSolution
		Debug|Any CPU = Debug|Any CPU
		Debug|ARM = Debug|ARM
		Debug|iPhone = Debug|iPhone
		Debug|iPhoneSimulator = Debug|iPhoneSimulator
		Debug|x64 = Debug|x64
		Debug|x86 = Debug|x86
		Release|Any CPU = Release|Any CPU
		Release|ARM = Release|ARM
		Release|iPhone = Release|iPhone
		Release|iPhoneSimulator = Release|iPhoneSimulator
		Release|x64 = Release|x64
		Release|x86 = Release|x86
	EndGlobalSection
	GlobalSection(ProjectConfigurationPlatforms) = postSolution
		{B5C7F6BC-5CA5-42B9-BBC1-08FF390A0A39}.Debug|Any CPU.ActiveCfg = Debug|x64
		{B5C7F6BC-5CA5-42B9-BBC1-08FF390A0A39}.Debug|Any CPU.Build.0 = Debug|x64
		{B5C7F6BC-5CA5-42B9-BBC1-08FF390A0A39}.Debug|Any CPU.Deploy.0 = Debug|x64
		{B5C7F6BC-5CA5-42B9-BBC1-08FF390A0A39}.Debug|ARM.ActiveCfg = Debug|ARM
		{B5C7F6BC-5CA5-42B9-BBC1-08FF390A0A39}.Debug|ARM.Build.0 = Debug|ARM
		{B5C7F6BC-5CA5-42B9-BBC1-08FF390A0A39}.Debug|ARM.Deploy.0 = Debug|ARM
		{B5C7F6BC-5CA5-42B9-BBC1-08FF390A0A39}.Debug|iPhone.ActiveCfg = Debug|x64
		{B5C7F6BC-5CA5-42B9-BBC1-08FF390A0A39}.Debug|iPhone.Build.0 = Debug|x64
		{B5C7F6BC-5CA5-42B9-BBC1-08FF390A0A39}.Debug|iPhone.Deploy.0 = Debug|x64
		{B5C7F6BC-5CA5-42B9-BBC1-08FF390A0A39}.Debug|iPhoneSimulator.ActiveCfg = Debug|x64
		{B5C7F6BC-5CA5-42B9-BBC1-08FF390A0A39}.Debug|iPhoneSimulator.Build.0 = Debug|x64
		{B5C7F6BC-5CA5-42B9-BBC1-08FF390A0A39}.Debug|iPhoneSimulator.Deploy.0 = Debug|x64
		{B5C7F6BC-5CA5-42B9-BBC1-08FF390A0A39}.Debug|x64.ActiveCfg = Debug|x64
		{B5C7F6BC-5CA5-42B9-BBC1-08FF390A0A39}.Debug|x64.Build.0 = Debug|x64
		{B5C7F6BC-5CA5-42B9-BBC1-08FF390A0A39}.Debug|x64.Deploy.0 = Debug|x64
		{B5C7F6BC-5CA5-42B9-BBC1-08FF390A0A39}.Debug|x86.ActiveCfg = Debug|x86
		{B5C7F6BC-5CA5-42B9-BBC1-08FF390A0A39}.Debug|x86.Build.0 = Debug|x86
		{B5C7F6BC-5CA5-42B9-BBC1-08FF390A0A39}.Debug|x86.Deploy.0 = Debug|x86
		{B5C7F6BC-5CA5-42B9-BBC1-08FF390A0A39}.Release|Any CPU.ActiveCfg = Release|x64
		{B5C7F6BC-5CA5-42B9-BBC1-08FF390A0A39}.Release|Any CPU.Build.0 = Release|x64
		{B5C7F6BC-5CA5-42B9-BBC1-08FF390A0A39}.Release|Any CPU.Deploy.0 = Release|x64
		{B5C7F6BC-5CA5-42B9-BBC1-08FF390A0A39}.Release|ARM.ActiveCfg = Release|ARM
		{B5C7F6BC-5CA5-42B9-BBC1-08FF390A0A39}.Release|ARM.Build.0 = Release|ARM
		{B5C7F6BC-5CA5-42B9-BBC1-08FF390A0A39}.Release|ARM.Deploy.0 = Release|ARM
		{B5C7F6BC-5CA5-42B9-BBC1-08FF390A0A39}.Release|iPhone.ActiveCfg = Release|x64
		{B5C7F6BC-5CA5-42B9-BBC1-08FF390A0A39}.Release|iPhone.Build.0 = Release|x64
		{B5C7F6BC-5CA5-42B9-BBC1-08FF390A0A39}.Release|iPhone.Deploy.0 = Release|x64
		{B5C7F6BC-5CA5-42B9-BBC1-08FF390A0A39}.Release|iPhoneSimulator.ActiveCfg = Release|x64
		{B5C7F6BC-5CA5-42B9-BBC1-08FF390A0A39}.Release|iPhoneSimulator.Build.0 = Release|x64
		{B5C7F6BC-5CA5-42B9-BBC1-08FF390A0A39}.Release|iPhoneSimulator.Deploy.0 = Release|x64
		{B5C7F6BC-5CA5-42B9-BBC1-08FF390A0A39}.Release|x64.ActiveCfg = Release|x64
		{B5C7F6BC-5CA5-42B9-BBC1-08FF390A0A39}.Release|x64.Build.0 = Release|x64
		{B5C7F6BC-5CA5-42B9-BBC1-08FF390A0A39}.Release|x64.Deploy.0 = Release|x64
		{B5C7F6BC-5CA5-42B9-BBC1-08FF390A0A39}.Release|x86.ActiveCfg = Release|x86
		{B5C7F6BC-5CA5-42B9-BBC1-08FF390A0A39}.Release|x86.Build.0 = Release|x86
		{B5C7F6BC-5CA5-42B9-BBC1-08FF390A0A39}.Release|x86.Deploy.0 = Release|x86
		{2CAD8503-3642-4025-8100-4981691D3381}.Debug|Any CPU.ActiveCfg = Debug|Any CPU
		{2CAD8503-3642-4025-8100-4981691D3381}.Debug|Any CPU.Build.0 = Debug|Any CPU
		{2CAD8503-3642-4025-8100-4981691D3381}.Debug|Any CPU.Deploy.0 = Debug|Any CPU
		{2CAD8503-3642-4025-8100-4981691D3381}.Debug|ARM.ActiveCfg = Debug|Any CPU
		{2CAD8503-3642-4025-8100-4981691D3381}.Debug|ARM.Build.0 = Debug|Any CPU
		{2CAD8503-3642-4025-8100-4981691D3381}.Debug|ARM.Deploy.0 = Debug|Any CPU
		{2CAD8503-3642-4025-8100-4981691D3381}.Debug|iPhone.ActiveCfg = Debug|Any CPU
		{2CAD8503-3642-4025-8100-4981691D3381}.Debug|iPhone.Build.0 = Debug|Any CPU
		{2CAD8503-3642-4025-8100-4981691D3381}.Debug|iPhone.Deploy.0 = Debug|Any CPU
		{2CAD8503-3642-4025-8100-4981691D3381}.Debug|iPhoneSimulator.ActiveCfg = Debug|Any CPU
		{2CAD8503-3642-4025-8100-4981691D3381}.Debug|iPhoneSimulator.Build.0 = Debug|Any CPU
		{2CAD8503-3642-4025-8100-4981691D3381}.Debug|iPhoneSimulator.Deploy.0 = Debug|Any CPU
		{2CAD8503-3642-4025-8100-4981691D3381}.Debug|x64.ActiveCfg = Debug|Any CPU
		{2CAD8503-3642-4025-8100-4981691D3381}.Debug|x64.Build.0 = Debug|Any CPU
		{2CAD8503-3642-4025-8100-4981691D3381}.Debug|x64.Deploy.0 = Debug|Any CPU
		{2CAD8503-3642-4025-8100-4981691D3381}.Debug|x86.ActiveCfg = Debug|Any CPU
		{2CAD8503-3642-4025-8100-4981691D3381}.Debug|x86.Build.0 = Debug|Any CPU
		{2CAD8503-3642-4025-8100-4981691D3381}.Debug|x86.Deploy.0 = Debug|Any CPU
		{2CAD8503-3642-4025-8100-4981691D3381}.Release|Any CPU.ActiveCfg = Release|Any CPU
		{2CAD8503-3642-4025-8100-4981691D3381}.Release|Any CPU.Build.0 = Release|Any CPU
		{2CAD8503-3642-4025-8100-4981691D3381}.Release|Any CPU.Deploy.0 = Release|Any CPU
		{2CAD8503-3642-4025-8100-4981691D3381}.Release|ARM.ActiveCfg = Release|Any CPU
		{2CAD8503-3642-4025-8100-4981691D3381}.Release|ARM.Build.0 = Release|Any CPU
		{2CAD8503-3642-4025-8100-4981691D3381}.Release|ARM.Deploy.0 = Release|Any CPU
		{2CAD8503-3642-4025-8100-4981691D3381}.Release|iPhone.ActiveCfg = Release|Any CPU
		{2CAD8503-3642-4025-8100-4981691D3381}.Release|iPhone.Build.0 = Release|Any CPU
		{2CAD8503-3642-4025-8100-4981691D3381}.Release|iPhone.Deploy.0 = Release|Any CPU
		{2CAD8503-3642-4025-8100-4981691D3381}.Release|iPhoneSimulator.ActiveCfg = Release|Any CPU
		{2CAD8503-3642-4025-8100-4981691D3381}.Release|iPhoneSimulator.Build.0 = Release|Any CPU
		{2CAD8503-3642-4025-8100-4981691D3381}.Release|iPhoneSimulator.Deploy.0 = Release|Any CPU
		{2CAD8503-3642-4025-8100-4981691D3381}.Release|x64.ActiveCfg = Release|Any CPU
		{2CAD8503-3642-4025-8100-4981691D3381}.Release|x64.Build.0 = Release|Any CPU
		{2CAD8503-3642-4025-8100-4981691D3381}.Release|x64.Deploy.0 = Release|Any CPU
		{2CAD8503-3642-4025-8100-4981691D3381}.Release|x86.ActiveCfg = Release|Any CPU
		{2CAD8503-3642-4025-8100-4981691D3381}.Release|x86.Build.0 = Release|Any CPU
		{2CAD8503-3642-4025-8100-4981691D3381}.Release|x86.Deploy.0 = Release|Any CPU
		{508B0E72-8682-4685-AD15-04328538F53F}.Debug|Any CPU.ActiveCfg = Debug|iPhoneSimulator
		{508B0E72-8682-4685-AD15-04328538F53F}.Debug|Any CPU.Build.0 = Debug|iPhoneSimulator
		{508B0E72-8682-4685-AD15-04328538F53F}.Debug|Any CPU.Deploy.0 = Debug|iPhoneSimulator
		{508B0E72-8682-4685-AD15-04328538F53F}.Debug|ARM.ActiveCfg = Debug|iPhoneSimulator
		{508B0E72-8682-4685-AD15-04328538F53F}.Debug|ARM.Build.0 = Debug|iPhoneSimulator
		{508B0E72-8682-4685-AD15-04328538F53F}.Debug|ARM.Deploy.0 = Debug|iPhoneSimulator
		{508B0E72-8682-4685-AD15-04328538F53F}.Debug|iPhone.ActiveCfg = Debug|iPhone
		{508B0E72-8682-4685-AD15-04328538F53F}.Debug|iPhone.Build.0 = Debug|iPhone
		{508B0E72-8682-4685-AD15-04328538F53F}.Debug|iPhone.Deploy.0 = Debug|iPhone
		{508B0E72-8682-4685-AD15-04328538F53F}.Debug|iPhoneSimulator.ActiveCfg = Debug|iPhoneSimulator
		{508B0E72-8682-4685-AD15-04328538F53F}.Debug|iPhoneSimulator.Build.0 = Debug|iPhoneSimulator
		{508B0E72-8682-4685-AD15-04328538F53F}.Debug|iPhoneSimulator.Deploy.0 = Debug|iPhoneSimulator
		{508B0E72-8682-4685-AD15-04328538F53F}.Debug|x64.ActiveCfg = Debug|iPhone
		{508B0E72-8682-4685-AD15-04328538F53F}.Debug|x64.Build.0 = Debug|iPhone
		{508B0E72-8682-4685-AD15-04328538F53F}.Debug|x64.Deploy.0 = Debug|iPhone
		{508B0E72-8682-4685-AD15-04328538F53F}.Debug|x86.ActiveCfg = Debug|iPhoneSimulator
		{508B0E72-8682-4685-AD15-04328538F53F}.Debug|x86.Build.0 = Debug|iPhoneSimulator
		{508B0E72-8682-4685-AD15-04328538F53F}.Debug|x86.Deploy.0 = Debug|iPhoneSimulator
		{508B0E72-8682-4685-AD15-04328538F53F}.Release|Any CPU.ActiveCfg = Release|iPhoneSimulator
		{508B0E72-8682-4685-AD15-04328538F53F}.Release|Any CPU.Build.0 = Release|iPhoneSimulator
		{508B0E72-8682-4685-AD15-04328538F53F}.Release|Any CPU.Deploy.0 = Release|iPhoneSimulator
		{508B0E72-8682-4685-AD15-04328538F53F}.Release|ARM.ActiveCfg = Release|iPhoneSimulator
		{508B0E72-8682-4685-AD15-04328538F53F}.Release|ARM.Build.0 = Release|iPhoneSimulator
		{508B0E72-8682-4685-AD15-04328538F53F}.Release|ARM.Deploy.0 = Release|iPhoneSimulator
		{508B0E72-8682-4685-AD15-04328538F53F}.Release|iPhone.ActiveCfg = Release|iPhone
		{508B0E72-8682-4685-AD15-04328538F53F}.Release|iPhone.Build.0 = Release|iPhone
		{508B0E72-8682-4685-AD15-04328538F53F}.Release|iPhone.Deploy.0 = Release|iPhone
		{508B0E72-8682-4685-AD15-04328538F53F}.Release|iPhoneSimulator.ActiveCfg = Release|iPhoneSimulator
		{508B0E72-8682-4685-AD15-04328538F53F}.Release|iPhoneSimulator.Build.0 = Release|iPhoneSimulator
		{508B0E72-8682-4685-AD15-04328538F53F}.Release|iPhoneSimulator.Deploy.0 = Release|iPhoneSimulator
		{508B0E72-8682-4685-AD15-04328538F53F}.Release|x64.ActiveCfg = Release|iPhoneSimulator
		{508B0E72-8682-4685-AD15-04328538F53F}.Release|x64.Build.0 = Release|iPhoneSimulator
		{508B0E72-8682-4685-AD15-04328538F53F}.Release|x64.Deploy.0 = Release|iPhoneSimulator
		{508B0E72-8682-4685-AD15-04328538F53F}.Release|x86.ActiveCfg = Release|iPhoneSimulator
		{508B0E72-8682-4685-AD15-04328538F53F}.Release|x86.Build.0 = Release|iPhoneSimulator
		{508B0E72-8682-4685-AD15-04328538F53F}.Release|x86.Deploy.0 = Release|iPhoneSimulator
		{662B7E9B-9BE3-4583-B70C-D9B732991F94}.Debug|Any CPU.ActiveCfg = Debug|Any CPU
		{662B7E9B-9BE3-4583-B70C-D9B732991F94}.Debug|Any CPU.Build.0 = Debug|Any CPU
		{662B7E9B-9BE3-4583-B70C-D9B732991F94}.Debug|Any CPU.Deploy.0 = Debug|Any CPU
		{662B7E9B-9BE3-4583-B70C-D9B732991F94}.Debug|ARM.ActiveCfg = Debug|Any CPU
		{662B7E9B-9BE3-4583-B70C-D9B732991F94}.Debug|ARM.Build.0 = Debug|Any CPU
		{662B7E9B-9BE3-4583-B70C-D9B732991F94}.Debug|ARM.Deploy.0 = Debug|Any CPU
		{662B7E9B-9BE3-4583-B70C-D9B732991F94}.Debug|iPhone.ActiveCfg = Debug|Any CPU
		{662B7E9B-9BE3-4583-B70C-D9B732991F94}.Debug|iPhone.Build.0 = Debug|Any CPU
		{662B7E9B-9BE3-4583-B70C-D9B732991F94}.Debug|iPhone.Deploy.0 = Debug|Any CPU
		{662B7E9B-9BE3-4583-B70C-D9B732991F94}.Debug|iPhoneSimulator.ActiveCfg = Debug|Any CPU
		{662B7E9B-9BE3-4583-B70C-D9B732991F94}.Debug|iPhoneSimulator.Build.0 = Debug|Any CPU
		{662B7E9B-9BE3-4583-B70C-D9B732991F94}.Debug|iPhoneSimulator.Deploy.0 = Debug|Any CPU
		{662B7E9B-9BE3-4583-B70C-D9B732991F94}.Debug|x64.ActiveCfg = Debug|Any CPU
		{662B7E9B-9BE3-4583-B70C-D9B732991F94}.Debug|x64.Build.0 = Debug|Any CPU
		{662B7E9B-9BE3-4583-B70C-D9B732991F94}.Debug|x64.Deploy.0 = Debug|Any CPU
		{662B7E9B-9BE3-4583-B70C-D9B732991F94}.Debug|x86.ActiveCfg = Debug|Any CPU
		{662B7E9B-9BE3-4583-B70C-D9B732991F94}.Debug|x86.Build.0 = Debug|Any CPU
		{662B7E9B-9BE3-4583-B70C-D9B732991F94}.Debug|x86.Deploy.0 = Debug|Any CPU
		{662B7E9B-9BE3-4583-B70C-D9B732991F94}.Release|Any CPU.ActiveCfg = Release|Any CPU
		{662B7E9B-9BE3-4583-B70C-D9B732991F94}.Release|Any CPU.Build.0 = Release|Any CPU
		{662B7E9B-9BE3-4583-B70C-D9B732991F94}.Release|Any CPU.Deploy.0 = Release|Any CPU
		{662B7E9B-9BE3-4583-B70C-D9B732991F94}.Release|ARM.ActiveCfg = Release|Any CPU
		{662B7E9B-9BE3-4583-B70C-D9B732991F94}.Release|ARM.Build.0 = Release|Any CPU
		{662B7E9B-9BE3-4583-B70C-D9B732991F94}.Release|ARM.Deploy.0 = Release|Any CPU
		{662B7E9B-9BE3-4583-B70C-D9B732991F94}.Release|iPhone.ActiveCfg = Release|Any CPU
		{662B7E9B-9BE3-4583-B70C-D9B732991F94}.Release|iPhone.Build.0 = Release|Any CPU
		{662B7E9B-9BE3-4583-B70C-D9B732991F94}.Release|iPhone.Deploy.0 = Release|Any CPU
		{662B7E9B-9BE3-4583-B70C-D9B732991F94}.Release|iPhoneSimulator.ActiveCfg = Release|Any CPU
		{662B7E9B-9BE3-4583-B70C-D9B732991F94}.Release|iPhoneSimulator.Build.0 = Release|Any CPU
		{662B7E9B-9BE3-4583-B70C-D9B732991F94}.Release|iPhoneSimulator.Deploy.0 = Release|Any CPU
		{662B7E9B-9BE3-4583-B70C-D9B732991F94}.Release|x64.ActiveCfg = Release|Any CPU
		{662B7E9B-9BE3-4583-B70C-D9B732991F94}.Release|x64.Build.0 = Release|Any CPU
		{662B7E9B-9BE3-4583-B70C-D9B732991F94}.Release|x64.Deploy.0 = Release|Any CPU
		{662B7E9B-9BE3-4583-B70C-D9B732991F94}.Release|x86.ActiveCfg = Release|Any CPU
		{662B7E9B-9BE3-4583-B70C-D9B732991F94}.Release|x86.Build.0 = Release|Any CPU
		{662B7E9B-9BE3-4583-B70C-D9B732991F94}.Release|x86.Deploy.0 = Release|Any CPU
		{3D0790C3-1832-4118-A5D6-4C25DFAFC4CF}.Debug|Any CPU.ActiveCfg = Debug|Any CPU
		{3D0790C3-1832-4118-A5D6-4C25DFAFC4CF}.Debug|Any CPU.Build.0 = Debug|Any CPU
		{3D0790C3-1832-4118-A5D6-4C25DFAFC4CF}.Debug|ARM.ActiveCfg = Debug|Any CPU
		{3D0790C3-1832-4118-A5D6-4C25DFAFC4CF}.Debug|ARM.Build.0 = Debug|Any CPU
		{3D0790C3-1832-4118-A5D6-4C25DFAFC4CF}.Debug|iPhone.ActiveCfg = Debug|Any CPU
		{3D0790C3-1832-4118-A5D6-4C25DFAFC4CF}.Debug|iPhone.Build.0 = Debug|Any CPU
		{3D0790C3-1832-4118-A5D6-4C25DFAFC4CF}.Debug|iPhoneSimulator.ActiveCfg = Debug|Any CPU
		{3D0790C3-1832-4118-A5D6-4C25DFAFC4CF}.Debug|iPhoneSimulator.Build.0 = Debug|Any CPU
		{3D0790C3-1832-4118-A5D6-4C25DFAFC4CF}.Debug|x64.ActiveCfg = Debug|Any CPU
		{3D0790C3-1832-4118-A5D6-4C25DFAFC4CF}.Debug|x64.Build.0 = Debug|Any CPU
		{3D0790C3-1832-4118-A5D6-4C25DFAFC4CF}.Debug|x86.ActiveCfg = Debug|Any CPU
		{3D0790C3-1832-4118-A5D6-4C25DFAFC4CF}.Debug|x86.Build.0 = Debug|Any CPU
		{3D0790C3-1832-4118-A5D6-4C25DFAFC4CF}.Release|Any CPU.ActiveCfg = Release|Any CPU
		{3D0790C3-1832-4118-A5D6-4C25DFAFC4CF}.Release|Any CPU.Build.0 = Release|Any CPU
		{3D0790C3-1832-4118-A5D6-4C25DFAFC4CF}.Release|ARM.ActiveCfg = Release|Any CPU
		{3D0790C3-1832-4118-A5D6-4C25DFAFC4CF}.Release|ARM.Build.0 = Release|Any CPU
		{3D0790C3-1832-4118-A5D6-4C25DFAFC4CF}.Release|iPhone.ActiveCfg = Release|Any CPU
		{3D0790C3-1832-4118-A5D6-4C25DFAFC4CF}.Release|iPhone.Build.0 = Release|Any CPU
		{3D0790C3-1832-4118-A5D6-4C25DFAFC4CF}.Release|iPhoneSimulator.ActiveCfg = Release|Any CPU
		{3D0790C3-1832-4118-A5D6-4C25DFAFC4CF}.Release|iPhoneSimulator.Build.0 = Release|Any CPU
		{3D0790C3-1832-4118-A5D6-4C25DFAFC4CF}.Release|x64.ActiveCfg = Release|Any CPU
		{3D0790C3-1832-4118-A5D6-4C25DFAFC4CF}.Release|x64.Build.0 = Release|Any CPU
		{3D0790C3-1832-4118-A5D6-4C25DFAFC4CF}.Release|x86.ActiveCfg = Release|Any CPU
		{3D0790C3-1832-4118-A5D6-4C25DFAFC4CF}.Release|x86.Build.0 = Release|Any CPU
		{1DF3970C-152E-4E1E-A468-16DEDDEF1DBA}.Debug|Any CPU.ActiveCfg = Debug|Any CPU
		{1DF3970C-152E-4E1E-A468-16DEDDEF1DBA}.Debug|Any CPU.Build.0 = Debug|Any CPU
		{1DF3970C-152E-4E1E-A468-16DEDDEF1DBA}.Debug|ARM.ActiveCfg = Debug|Any CPU
		{1DF3970C-152E-4E1E-A468-16DEDDEF1DBA}.Debug|ARM.Build.0 = Debug|Any CPU
		{1DF3970C-152E-4E1E-A468-16DEDDEF1DBA}.Debug|iPhone.ActiveCfg = Debug|Any CPU
		{1DF3970C-152E-4E1E-A468-16DEDDEF1DBA}.Debug|iPhone.Build.0 = Debug|Any CPU
		{1DF3970C-152E-4E1E-A468-16DEDDEF1DBA}.Debug|iPhoneSimulator.ActiveCfg = Debug|Any CPU
		{1DF3970C-152E-4E1E-A468-16DEDDEF1DBA}.Debug|iPhoneSimulator.Build.0 = Debug|Any CPU
		{1DF3970C-152E-4E1E-A468-16DEDDEF1DBA}.Debug|x64.ActiveCfg = Debug|Any CPU
		{1DF3970C-152E-4E1E-A468-16DEDDEF1DBA}.Debug|x64.Build.0 = Debug|Any CPU
		{1DF3970C-152E-4E1E-A468-16DEDDEF1DBA}.Debug|x86.ActiveCfg = Debug|Any CPU
		{1DF3970C-152E-4E1E-A468-16DEDDEF1DBA}.Debug|x86.Build.0 = Debug|Any CPU
		{1DF3970C-152E-4E1E-A468-16DEDDEF1DBA}.Release|Any CPU.ActiveCfg = Release|Any CPU
		{1DF3970C-152E-4E1E-A468-16DEDDEF1DBA}.Release|Any CPU.Build.0 = Release|Any CPU
		{1DF3970C-152E-4E1E-A468-16DEDDEF1DBA}.Release|ARM.ActiveCfg = Release|Any CPU
		{1DF3970C-152E-4E1E-A468-16DEDDEF1DBA}.Release|ARM.Build.0 = Release|Any CPU
		{1DF3970C-152E-4E1E-A468-16DEDDEF1DBA}.Release|iPhone.ActiveCfg = Release|Any CPU
		{1DF3970C-152E-4E1E-A468-16DEDDEF1DBA}.Release|iPhone.Build.0 = Release|Any CPU
		{1DF3970C-152E-4E1E-A468-16DEDDEF1DBA}.Release|iPhoneSimulator.ActiveCfg = Release|Any CPU
		{1DF3970C-152E-4E1E-A468-16DEDDEF1DBA}.Release|iPhoneSimulator.Build.0 = Release|Any CPU
		{1DF3970C-152E-4E1E-A468-16DEDDEF1DBA}.Release|x64.ActiveCfg = Release|Any CPU
		{1DF3970C-152E-4E1E-A468-16DEDDEF1DBA}.Release|x64.Build.0 = Release|Any CPU
		{1DF3970C-152E-4E1E-A468-16DEDDEF1DBA}.Release|x86.ActiveCfg = Release|Any CPU
		{1DF3970C-152E-4E1E-A468-16DEDDEF1DBA}.Release|x86.Build.0 = Release|Any CPU
		{A1B1A1F9-ACC0-4B9F-810C-F1F778AFF092}.Debug|Any CPU.ActiveCfg = Debug|Any CPU
		{A1B1A1F9-ACC0-4B9F-810C-F1F778AFF092}.Debug|Any CPU.Build.0 = Debug|Any CPU
		{A1B1A1F9-ACC0-4B9F-810C-F1F778AFF092}.Debug|ARM.ActiveCfg = Debug|Any CPU
		{A1B1A1F9-ACC0-4B9F-810C-F1F778AFF092}.Debug|ARM.Build.0 = Debug|Any CPU
		{A1B1A1F9-ACC0-4B9F-810C-F1F778AFF092}.Debug|iPhone.ActiveCfg = Debug|Any CPU
		{A1B1A1F9-ACC0-4B9F-810C-F1F778AFF092}.Debug|iPhone.Build.0 = Debug|Any CPU
		{A1B1A1F9-ACC0-4B9F-810C-F1F778AFF092}.Debug|iPhoneSimulator.ActiveCfg = Debug|Any CPU
		{A1B1A1F9-ACC0-4B9F-810C-F1F778AFF092}.Debug|iPhoneSimulator.Build.0 = Debug|Any CPU
		{A1B1A1F9-ACC0-4B9F-810C-F1F778AFF092}.Debug|x64.ActiveCfg = Debug|Any CPU
		{A1B1A1F9-ACC0-4B9F-810C-F1F778AFF092}.Debug|x64.Build.0 = Debug|Any CPU
		{A1B1A1F9-ACC0-4B9F-810C-F1F778AFF092}.Debug|x86.ActiveCfg = Debug|Any CPU
		{A1B1A1F9-ACC0-4B9F-810C-F1F778AFF092}.Debug|x86.Build.0 = Debug|Any CPU
		{A1B1A1F9-ACC0-4B9F-810C-F1F778AFF092}.Release|Any CPU.ActiveCfg = Release|Any CPU
		{A1B1A1F9-ACC0-4B9F-810C-F1F778AFF092}.Release|Any CPU.Build.0 = Release|Any CPU
		{A1B1A1F9-ACC0-4B9F-810C-F1F778AFF092}.Release|ARM.ActiveCfg = Release|Any CPU
		{A1B1A1F9-ACC0-4B9F-810C-F1F778AFF092}.Release|ARM.Build.0 = Release|Any CPU
		{A1B1A1F9-ACC0-4B9F-810C-F1F778AFF092}.Release|iPhone.ActiveCfg = Release|Any CPU
		{A1B1A1F9-ACC0-4B9F-810C-F1F778AFF092}.Release|iPhone.Build.0 = Release|Any CPU
		{A1B1A1F9-ACC0-4B9F-810C-F1F778AFF092}.Release|iPhoneSimulator.ActiveCfg = Release|Any CPU
		{A1B1A1F9-ACC0-4B9F-810C-F1F778AFF092}.Release|iPhoneSimulator.Build.0 = Release|Any CPU
		{A1B1A1F9-ACC0-4B9F-810C-F1F778AFF092}.Release|x64.ActiveCfg = Release|Any CPU
		{A1B1A1F9-ACC0-4B9F-810C-F1F778AFF092}.Release|x64.Build.0 = Release|Any CPU
		{A1B1A1F9-ACC0-4B9F-810C-F1F778AFF092}.Release|x86.ActiveCfg = Release|Any CPU
		{A1B1A1F9-ACC0-4B9F-810C-F1F778AFF092}.Release|x86.Build.0 = Release|Any CPU
	EndGlobalSection
	GlobalSection(SolutionProperties) = preSolution
		HideSolutionNode = FALSE
	EndGlobalSection
	GlobalSection(ExtensibilityGlobals) = postSolution
		SolutionGuid = {0953475A-918D-4D3E-811F-58B8CB465F44}
	EndGlobalSection
EndGlobal
